
Microsoft Visual Studio Solution File, Format Version 12.00
# Visual Studio Version 16
VisualStudioVersion = 16.0.31112.23
MinimumVisualStudioVersion = 10.0.40219.1
Project("{FAE04EC0-301F-11D3-BF4B-00C04F79EFBC}") = "IntellMedREST", "IntellMedREST\IntellMedREST.csproj", "{B834527F-2145-4B7A-BB26-73312259E7FA}"
EndProject
Global
	GlobalSection(SolutionConfigurationPlatforms) = preSolution
		Debug|Any CPU = Debug|Any CPU
		Release|Any CPU = Release|Any CPU
	EndGlobalSection
	GlobalSection(ProjectConfigurationPlatforms) = postSolution
		{B834527F-2145-4B7A-BB26-73312259E7FA}.Debug|Any CPU.ActiveCfg = Debug|Any CPU
		{B834527F-2145-4B7A-BB26-73312259E7FA}.Debug|Any CPU.Build.0 = Debug|Any CPU
		{B834527F-2145-4B7A-BB26-73312259E7FA}.Release|Any CPU.ActiveCfg = Release|Any CPU
		{B834527F-2145-4B7A-BB26-73312259E7FA}.Release|Any CPU.Build.0 = Release|Any CPU
	EndGlobalSection
	GlobalSection(SolutionProperties) = preSolution
		HideSolutionNode = FALSE
	EndGlobalSection
	GlobalSection(ExtensibilityGlobals) = postSolution
		SolutionGuid = {90978E85-3193-4A9A-BC1F-5778AC38E979}
	EndGlobalSection
EndGlobal
